<?xml version="1.0" encoding="utf-8"?>
<Project ToolsVersion="15.0" xmlns="http://schemas.microsoft.com/developer/msbuild/2003">
  <ItemGroup>
    <ClCompile Include="E:\Git\DX11\Step0\main.cpp">
      <Filter>Source Files</Filter>
    </ClCompile>
    <ClCompile Include="E:\Git\DX11\Step0\SystemClass.cpp">
      <Filter>Source Files</Filter>
    </ClCompile>
    <ClCompile Include="E:\Git\DX11\Step0\InputClass.cpp">
      <Filter>Source Files</Filter>
    </ClCompile>
    <ClCompile Include="E:\Git\DX11\Step0\GraphicsClass.cpp">
      <Filter>Source Files</Filter>
    </ClCompile>
    <ClCompile Include="E:\Git\DX11\Step0\d3dclass.cpp">
      <Filter>Source Files</Filter>
    </ClCompile>
    <ClCompile Include="E:\Git\DX11\Step0\ColorShaderClass.cpp">
      <Filter>Source Files</Filter>
    </ClCompile>
    <ClCompile Include="E:\Git\DX11\Step0\ModelClass.cpp">
      <Filter>Source Files</Filter>
    </ClCompile>
    <ClCompile Include="E:\Git\DX11\Step0\CameraClass.cpp">
      <Filter>Source Files</Filter>
    </ClCompile>
    <ClCompile Include="E:\Git\DX11\Step0\TextureShaderClass.cpp">
      <Filter>Source Files</Filter>
    </ClCompile>
    <ClCompile Include="E:\Git\DX11\Step0\TextureClass.cpp">
      <Filter>Source Files</Filter>
    </ClCompile>
  </ItemGroup>
  <ItemGroup>
    <ClInclude Include="E:\Git\DX11\Step0\SystemClass.h">
      <Filter>Header Files</Filter>
    </ClInclude>
    <ClInclude Include="E:\Git\DX11\Step0\InputClass.h">
      <Filter>Header Files</Filter>
    </ClInclude>
    <ClInclude Include="E:\Git\DX11\Step0\GraphicsClass.h">
      <Filter>Header Files</Filter>
    </ClInclude>
    <ClInclude Include="E:\Git\DX11\Step0\d3dclass.h">
      <Filter>Header Files</Filter>
    </ClInclude>
    <ClInclude Include="E:\Git\DX11\Step0\AlignedAllocationPolicy.h">
      <Filter>Header Files</Filter>
    </ClInclude>
    <ClInclude Include="E:\Git\DX11\Step0\ColorShaderClass.h">
      <Filter>Header Files</Filter>
    </ClInclude>
    <ClInclude Include="E:\Git\DX11\Step0\ModelClass.h">
      <Filter>Header Files</Filter>
    </ClInclude>
    <ClInclude Include="E:\Git\DX11\Step0\CameraClass.h">
      <Filter>Header Files</Filter>
    </ClInclude>
    <ClInclude Include="E:\Git\DX11\Step0\TextureShaderClass.h">
      <Filter>Header Files</Filter>
    </ClInclude>
    <ClInclude Include="E:\Git\DX11\Step0\TextureClass.h">
      <Filter>Header Files</Filter>
    </ClInclude>
  </ItemGroup>
  <ItemGroup>
    <CustomBuild Include="E:\Git\DX11\Step0\CMakeLists.txt" />
  </ItemGroup>
  <ItemGroup>
    <Filter Include="Header Files">
      <UniqueIdentifier>{18D1AB30-066C-3CA3-8D73-535DB6AD8050}</UniqueIdentifier>
    </Filter>
    <Filter Include="Source Files">
      <UniqueIdentifier>{C55BFB7C-2CA4-3417-808B-2B5335CC72ED}</UniqueIdentifier>
    </Filter>
  </ItemGroup>
</Project>
